// !$*UTF8*$!
{
	archiveVersion = 1;
	classes = {
	};
	objectVersion = 50;
	objects = {

/* Begin PBXBuildFile section */
		F272236B2255404800A6330D /* AppDelegate.swift in Sources */ = {isa = PBXBuildFile; fileRef = F272236A2255404800A6330D /* AppDelegate.swift */; };
		F272236D2255404800A6330D /* ViewController.swift in Sources */ = {isa = PBXBuildFile; fileRef = F272236C2255404800A6330D /* ViewController.swift */; };
		F27223702255404800A6330D /* Main.storyboard in Resources */ = {isa = PBXBuildFile; fileRef = F272236E2255404800A6330D /* Main.storyboard */; };
		F27223722255404A00A6330D /* Assets.xcassets in Resources */ = {isa = PBXBuildFile; fileRef = F27223712255404A00A6330D /* Assets.xcassets */; };
		F27223752255404A00A6330D /* LaunchScreen.storyboard in Resources */ = {isa = PBXBuildFile; fileRef = F27223732255404A00A6330D /* LaunchScreen.storyboard */; };
		F272237D2255F7B000A6330D /* Bead.swift in Sources */ = {isa = PBXBuildFile; fileRef = F272237C2255F7B000A6330D /* Bead.swift */; };
		F2D1D193227B67C6004ECC96 /* Bucket.swift in Sources */ = {isa = PBXBuildFile; fileRef = F2D1D192227B67C6004ECC96 /* Bucket.swift */; };
		F2D1D19C227B7F04004ECC96 /* SKNode+Utility.swift in Sources */ = {isa = PBXBuildFile; fileRef = F2D1D199227B7F04004ECC96 /* SKNode+Utility.swift */; };
		F2D1D19D227B7F04004ECC96 /* Base2DScene.swift in Sources */ = {isa = PBXBuildFile; fileRef = F2D1D19A227B7F04004ECC96 /* Base2DScene.swift */; };
/* End PBXBuildFile section */

/* Begin PBXFileReference section */
		F27223672255404800A6330D /* Shadesmar.app */ = {isa = PBXFileReference; explicitFileType = wrapper.application; includeInIndex = 0; path = Shadesmar.app; sourceTree = BUILT_PRODUCTS_DIR; };
		F272236A2255404800A6330D /* AppDelegate.swift */ = {isa = PBXFileReference; lastKnownFileType = sourcecode.swift; path = AppDelegate.swift; sourceTree = "<group>"; };
		F272236C2255404800A6330D /* ViewController.swift */ = {isa = PBXFileReference; lastKnownFileType = sourcecode.swift; path = ViewController.swift; sourceTree = "<group>"; };
		F272236F2255404800A6330D /* Base */ = {isa = PBXFileReference; lastKnownFileType = file.storyboard; name = Base; path = Base.lproj/Main.storyboard; sourceTree = "<group>"; };
		F27223712255404A00A6330D /* Assets.xcassets */ = {isa = PBXFileReference; lastKnownFileType = folder.assetcatalog; path = Assets.xcassets; sourceTree = "<group>"; };
		F27223742255404A00A6330D /* Base */ = {isa = PBXFileReference; lastKnownFileType = file.storyboard; name = Base; path = Base.lproj/LaunchScreen.storyboard; sourceTree = "<group>"; };
		F27223762255404A00A6330D /* Info.plist */ = {isa = PBXFileReference; lastKnownFileType = text.plist.xml; path = Info.plist; sourceTree = "<group>"; };
		F272237C2255F7B000A6330D /* Bead.swift */ = {isa = PBXFileReference; lastKnownFileType = sourcecode.swift; path = Bead.swift; sourceTree = "<group>"; };
		F2D1D192227B67C6004ECC96 /* Bucket.swift */ = {isa = PBXFileReference; lastKnownFileType = sourcecode.swift; path = Bucket.swift; sourceTree = "<group>"; };
		F2D1D199227B7F04004ECC96 /* SKNode+Utility.swift */ = {isa = PBXFileReference; fileEncoding = 4; lastKnownFileType = sourcecode.swift; path = "SKNode+Utility.swift"; sourceTree = "<group>"; };
		F2D1D19A227B7F04004ECC96 /* Base2DScene.swift */ = {isa = PBXFileReference; fileEncoding = 4; lastKnownFileType = sourcecode.swift; path = Base2DScene.swift; sourceTree = "<group>"; };
/* End PBXFileReference section */

/* Begin PBXFrameworksBuildPhase section */
		F27223642255404800A6330D /* Frameworks */ = {
			isa = PBXFrameworksBuildPhase;
			buildActionMask = 2147483647;
			files = (
			);
			runOnlyForDeploymentPostprocessing = 0;
		};
/* End PBXFrameworksBuildPhase section */

/* Begin PBXGroup section */
		F272235E2255404800A6330D = {
			isa = PBXGroup;
			children = (
				F27223692255404800A6330D /* Shadesmar */,
				F27223682255404800A6330D /* Products */,
			);
			sourceTree = "<group>";
		};
		F27223682255404800A6330D /* Products */ = {
			isa = PBXGroup;
			children = (
				F27223672255404800A6330D /* Shadesmar.app */,
			);
			name = Products;
			sourceTree = "<group>";
		};
		F27223692255404800A6330D /* Shadesmar */ = {
			isa = PBXGroup;
			children = (
				F2D1D198227B7DC6004ECC96 /* UI Infrastructure */,
				F2D1D197227B7D7C004ECC96 /* Stories */,
				F2D1D194227B7CCB004ECC96 /* Models */,
				F2D1D196227B7D1C004ECC96 /* Infrastructure */,
				F2D1D195227B7CDB004ECC96 /* Resources */,
			);
			path = Shadesmar;
			sourceTree = "<group>";
		};
		F2D1D194227B7CCB004ECC96 /* Models */ = {
			isa = PBXGroup;
			children = (
				F272237C2255F7B000A6330D /* Bead.swift */,
				F2D1D192227B67C6004ECC96 /* Bucket.swift */,
			);
			path = Models;
			sourceTree = "<group>";
		};
		F2D1D195227B7CDB004ECC96 /* Resources */ = {
			isa = PBXGroup;
			children = (
				F27223732255404A00A6330D /* LaunchScreen.storyboard */,
				F27223712255404A00A6330D /* Assets.xcassets */,
			);
			path = Resources;
			sourceTree = "<group>";
		};
		F2D1D196227B7D1C004ECC96 /* Infrastructure */ = {
			isa = PBXGroup;
			children = (
				F272236A2255404800A6330D /* AppDelegate.swift */,
				F27223762255404A00A6330D /* Info.plist */,
			);
			path = Infrastructure;
			sourceTree = "<group>";
		};
		F2D1D197227B7D7C004ECC96 /* Stories */ = {
			isa = PBXGroup;
			children = (
				F272236C2255404800A6330D /* ViewController.swift */,
				F272236E2255404800A6330D /* Main.storyboard */,
			);
			path = Stories;
			sourceTree = "<group>";
		};
		F2D1D198227B7DC6004ECC96 /* UI Infrastructure */ = {
			isa = PBXGroup;
			children = (
				F2D1D19A227B7F04004ECC96 /* Base2DScene.swift */,
				F2D1D199227B7F04004ECC96 /* SKNode+Utility.swift */,
			);
			path = "UI Infrastructure";
			sourceTree = "<group>";
		};
/* End PBXGroup section */

/* Begin PBXNativeTarget section */
		F27223662255404800A6330D /* Shadesmar */ = {
			isa = PBXNativeTarget;
			buildConfigurationList = F27223792255404A00A6330D /* Build configuration list for PBXNativeTarget "Shadesmar" */;
			buildPhases = (
				F27223632255404800A6330D /* Sources */,
				F27223642255404800A6330D /* Frameworks */,
				F27223652255404800A6330D /* Resources */,
			);
			buildRules = (
			);
			dependencies = (
			);
			name = Shadesmar;
			productName = Shadesmar;
			productReference = F27223672255404800A6330D /* Shadesmar.app */;
			productType = "com.apple.product-type.application";
		};
/* End PBXNativeTarget section */

/* Begin PBXProject section */
		F272235F2255404800A6330D /* Project object */ = {
			isa = PBXProject;
			attributes = {
				LastSwiftUpdateCheck = 1010;
				LastUpgradeCheck = 1010;
				ORGANIZATIONNAME = "Viktoria Rudkovskaya";
				TargetAttributes = {
					F27223662255404800A6330D = {
						CreatedOnToolsVersion = 10.1;
					};
				};
			};
			buildConfigurationList = F27223622255404800A6330D /* Build configuration list for PBXProject "Shadesmar" */;
			compatibilityVersion = "Xcode 9.3";
			developmentRegion = en;
			hasScannedForEncodings = 0;
			knownRegions = (
				en,
				Base,
			);
			mainGroup = F272235E2255404800A6330D;
			productRefGroup = F27223682255404800A6330D /* Products */;
			projectDirPath = "";
			projectRoot = "";
			targets = (
				F27223662255404800A6330D /* Shadesmar */,
			);
		};
/* End PBXProject section */

/* Begin PBXResourcesBuildPhase section */
		F27223652255404800A6330D /* Resources */ = {
			isa = PBXResourcesBuildPhase;
			buildActionMask = 2147483647;
			files = (
				F27223752255404A00A6330D /* LaunchScreen.storyboard in Resources */,
				F27223722255404A00A6330D /* Assets.xcassets in Resources */,
				F27223702255404800A6330D /* Main.storyboard in Resources */,
			);
			runOnlyForDeploymentPostprocessing = 0;
		};
/* End PBXResourcesBuildPhase section */

/* Begin PBXSourcesBuildPhase section */
		F27223632255404800A6330D /* Sources */ = {
			isa = PBXSourcesBuildPhase;
			buildActionMask = 2147483647;
			files = (
				F272236D2255404800A6330D /* ViewController.swift in Sources */,
				F2D1D19D227B7F04004ECC96 /* Base2DScene.swift in Sources */,
				F2D1D193227B67C6004ECC96 /* Bucket.swift in Sources */,
				F272236B2255404800A6330D /* AppDelegate.swift in Sources */,
				F272237D2255F7B000A6330D /* Bead.swift in Sources */,
				F2D1D19C227B7F04004ECC96 /* SKNode+Utility.swift in Sources */,
			);
			runOnlyForDeploymentPostprocessing = 0;
		};
/* End PBXSourcesBuildPhase section */

/* Begin PBXVariantGroup section */
		F272236E2255404800A6330D /* Main.storyboard */ = {
			isa = PBXVariantGroup;
			children = (
				F272236F2255404800A6330D /* Base */,
			);
			name = Main.storyboard;
			sourceTree = "<group>";
		};
		F27223732255404A00A6330D /* LaunchScreen.storyboard */ = {
			isa = PBXVariantGroup;
			children = (
				F27223742255404A00A6330D /* Base */,
			);
			name = LaunchScreen.storyboard;
			sourceTree = "<group>";
		};
/* End PBXVariantGroup section */

/* Begin XCBuildConfiguration section */
		F27223772255404A00A6330D /* Debug */ = {
			isa = XCBuildConfiguration;
			buildSettings = {
				ALWAYS_SEARCH_USER_PATHS = NO;
				CLANG_ANALYZER_NONNULL = YES;
				CLANG_ANALYZER_NUMBER_OBJECT_CONVERSION = YES_AGGRESSIVE;
				CLANG_CXX_LANGUAGE_STANDARD = "gnu++14";
				CLANG_CXX_LIBRARY = "libc++";
				CLANG_ENABLE_MODULES = YES;
				CLANG_ENABLE_OBJC_ARC = YES;
				CLANG_ENABLE_OBJC_WEAK = YES;
				CLANG_WARN_BLOCK_CAPTURE_AUTORELEASING = YES;
				CLANG_WARN_BOOL_CONVERSION = YES;
				CLANG_WARN_COMMA = YES;
				CLANG_WARN_CONSTANT_CONVERSION = YES;
				CLANG_WARN_DEPRECATED_OBJC_IMPLEMENTATIONS = YES;
				CLANG_WARN_DIRECT_OBJC_ISA_USAGE = YES_ERROR;
				CLANG_WARN_DOCUMENTATION_COMMENTS = YES;
				CLANG_WARN_EMPTY_BODY = YES;
				CLANG_WARN_ENUM_CONVERSION = YES;
				CLANG_WARN_INFINITE_RECURSION = YES;
				CLANG_WARN_INT_CONVERSION = YES;
				CLANG_WARN_NON_LITERAL_NULL_CONVERSION = YES;
				CLANG_WARN_OBJC_IMPLICIT_RETAIN_SELF = YES;
				CLANG_WARN_OBJC_LITERAL_CONVERSION = YES;
				CLANG_WARN_OBJC_ROOT_CLASS = YES_ERROR;
				CLANG_WARN_RANGE_LOOP_ANALYSIS = YES;
				CLANG_WARN_STRICT_PROTOTYPES = YES;
				CLANG_WARN_SUSPICIOUS_MOVE = YES;
				CLANG_WARN_UNGUARDED_AVAILABILITY = YES_AGGRESSIVE;
				CLANG_WARN_UNREACHABLE_CODE = YES;
				CLANG_WARN__DUPLICATE_METHOD_MATCH = YES;
				CODE_SIGN_IDENTITY = "iPhone Developer";
				COPY_PHASE_STRIP = NO;
				DEBUG_INFORMATION_FORMAT = dwarf;
				ENABLE_STRICT_OBJC_MSGSEND = YES;
				ENABLE_TESTABILITY = YES;
				GCC_C_LANGUAGE_STANDARD = gnu11;
				GCC_DYNAMIC_NO_PIC = NO;
				GCC_NO_COMMON_BLOCKS = YES;
				GCC_OPTIMIZATION_LEVEL = 0;
				GCC_PREPROCESSOR_DEFINITIONS = (
					"DEBUG=1",
					"$(inherited)",
				);
				GCC_WARN_64_TO_32_BIT_CONVERSION = YES;
				GCC_WARN_ABOUT_RETURN_TYPE = YES_ERROR;
				GCC_WARN_UNDECLARED_SELECTOR = YES;
				GCC_WARN_UNINITIALIZED_AUTOS = YES_AGGRESSIVE;
				GCC_WARN_UNUSED_FUNCTION = YES;
				GCC_WARN_UNUSED_VARIABLE = YES;
				IPHONEOS_DEPLOYMENT_TARGET = 12.1;
				MTL_ENABLE_DEBUG_INFO = INCLUDE_SOURCE;
				MTL_FAST_MATH = YES;
				ONLY_ACTIVE_ARCH = YES;
				SDKROOT = iphoneos;
				SWIFT_ACTIVE_COMPILATION_CONDITIONS = DEBUG;
				SWIFT_OPTIMIZATION_LEVEL = "-Onone";
			};
			name = Debug;
		};
		F27223782255404A00A6330D /* Release */ = {
			isa = XCBuildConfiguration;
			buildSettings = {
				ALWAYS_SEARCH_USER_PATHS = NO;
				CLANG_ANALYZER_NONNULL = YES;
				CLANG_ANALYZER_NUMBER_OBJECT_CONVERSION = YES_AGGRESSIVE;
				CLANG_CXX_LANGUAGE_STANDARD = "gnu++14";
				CLANG_CXX_LIBRARY = "libc++";
				CLANG_ENABLE_MODULES = YES;
				CLANG_ENABLE_OBJC_ARC = YES;
				CLANG_ENABLE_OBJC_WEAK = YES;
				CLANG_WARN_BLOCK_CAPTURE_AUTORELEASING = YES;
				CLANG_WARN_BOOL_CONVERSION = YES;
				CLANG_WARN_COMMA = YES;
				CLANG_WARN_CONSTANT_CONVERSION = YES;
				CLANG_WARN_DEPRECATED_OBJC_IMPLEMENTATIONS = YES;
				CLANG_WARN_DIRECT_OBJC_ISA_USAGE = YES_ERROR;
				CLANG_WARN_DOCUMENTATION_COMMENTS = YES;
				CLANG_WARN_EMPTY_BODY = YES;
				CLANG_WARN_ENUM_CONVERSION = YES;
				CLANG_WARN_INFINITE_RECURSION = YES;
				CLANG_WARN_INT_CONVERSION = YES;
				CLANG_WARN_NON_LITERAL_NULL_CONVERSION = YES;
				CLANG_WARN_OBJC_IMPLICIT_RETAIN_SELF = YES;
				CLANG_WARN_OBJC_LITERAL_CONVERSION = YES;
				CLANG_WARN_OBJC_ROOT_CLASS = YES_ERROR;
				CLANG_WARN_RANGE_LOOP_ANALYSIS = YES;
				CLANG_WARN_STRICT_PROTOTYPES = YES;
				CLANG_WARN_SUSPICIOUS_MOVE = YES;
				CLANG_WARN_UNGUARDED_AVAILABILITY = YES_AGGRESSIVE;
				CLANG_WARN_UNREACHABLE_CODE = YES;
				CLANG_WARN__DUPLICATE_METHOD_MATCH = YES;
				CODE_SIGN_IDENTITY = "iPhone Developer";
				COPY_PHASE_STRIP = NO;
				DEBUG_INFORMATION_FORMAT = "dwarf-with-dsym";
				ENABLE_NS_ASSERTIONS = NO;
				ENABLE_STRICT_OBJC_MSGSEND = YES;
				GCC_C_LANGUAGE_STANDARD = gnu11;
				GCC_NO_COMMON_BLOCKS = YES;
				GCC_WARN_64_TO_32_BIT_CONVERSION = YES;
				GCC_WARN_ABOUT_RETURN_TYPE = YES_ERROR;
				GCC_WARN_UNDECLARED_SELECTOR = YES;
				GCC_WARN_UNINITIALIZED_AUTOS = YES_AGGRESSIVE;
				GCC_WARN_UNUSED_FUNCTION = YES;
				GCC_WARN_UNUSED_VARIABLE = YES;
				IPHONEOS_DEPLOYMENT_TARGET = 12.1;
				MTL_ENABLE_DEBUG_INFO = NO;
				MTL_FAST_MATH = YES;
				SDKROOT = iphoneos;
				SWIFT_COMPILATION_MODE = wholemodule;
				SWIFT_OPTIMIZATION_LEVEL = "-O";
				VALIDATE_PRODUCT = YES;
			};
			name = Release;
		};
		F272237A2255404A00A6330D /* Debug */ = {
			isa = XCBuildConfiguration;
			buildSettings = {
				ASSETCATALOG_COMPILER_APPICON_NAME = AppIcon;
				CODE_SIGN_STYLE = Manual;
				DEVELOPMENT_TEAM = "";
				INFOPLIST_FILE = "$(SRCROOT)/Shadesmar/Infrastructure/Info.plist";
				LD_RUNPATH_SEARCH_PATHS = (
					"$(inherited)",
					"@executable_path/Frameworks",
				);
				PRODUCT_BUNDLE_IDENTIFIER = com.vrrn.shadesmar.Shadesmar;
				PRODUCT_NAME = "$(TARGET_NAME)";
				PROVISIONING_PROFILE_SPECIFIER = "";
				SWIFT_VERSION = 4.2;
				TARGETED_DEVICE_FAMILY = "1,2";
			};
			name = Debug;
		};
		F272237B2255404A00A6330D /* Release */ = {
			isa = XCBuildConfiguration;
			buildSettings = {
				ASSETCATALOG_COMPILER_APPICON_NAME = AppIcon;
				CODE_SIGN_STYLE = Manual;
				DEVELOPMENT_TEAM = "";
				INFOPLIST_FILE = "$(SRCROOT)/Shadesmar/Infrastructure/Info.plist";
				LD_RUNPATH_SEARCH_PATHS = (
					"$(inherited)",
					"@executable_path/Frameworks",
				);
				PRODUCT_BUNDLE_IDENTIFIER = com.vrrn.shadesmar.Shadesmar;
				PRODUCT_NAME = "$(TARGET_NAME)";
				PROVISIONING_PROFILE_SPECIFIER = "";
				SWIFT_VERSION = 4.2;
				TARGETED_DEVICE_FAMILY = "1,2";
			};
			name = Release;
		};
/* End XCBuildConfiguration section */

/* Begin XCConfigurationList section */
		F27223622255404800A6330D /* Build configuration list for PBXProject "Shadesmar" */ = {
			isa = XCConfigurationList;
			buildConfigurations = (
				F27223772255404A00A6330D /* Debug */,
				F27223782255404A00A6330D /* Release */,
			);
			defaultConfigurationIsVisible = 0;
			defaultConfigurationName = Release;
		};
		F27223792255404A00A6330D /* Build configuration list for PBXNativeTarget "Shadesmar" */ = {
			isa = XCConfigurationList;
			buildConfigurations = (
				F272237A2255404A00A6330D /* Debug */,
				F272237B2255404A00A6330D /* Release */,
			);
			defaultConfigurationIsVisible = 0;
			defaultConfigurationName = Release;
		};
/* End XCConfigurationList section */
	};
	rootObject = F272235F2255404800A6330D /* Project object */;
}
