// !$*UTF8*$!
{
	archiveVersion = 1;
	classes = {
	};
	objectVersion = 50;
	objects = {

/* Begin PBXBuildFile section */
		F226284E22AB910B0008E7F6 /* AliveNotAliveQuestionPopUp.swift in Sources */ = {isa = PBXBuildFile; fileRef = F226284C22AB910B0008E7F6 /* AliveNotAliveQuestionPopUp.swift */; };
		F226284F22AB910B0008E7F6 /* AliveNotAliveQuestionPopUp.xib in Resources */ = {isa = PBXBuildFile; fileRef = F226284D22AB910B0008E7F6 /* AliveNotAliveQuestionPopUp.xib */; };
		F226285222ABFB750008E7F6 /* InfoPopUp.swift in Sources */ = {isa = PBXBuildFile; fileRef = F226285022ABFB750008E7F6 /* InfoPopUp.swift */; };
		F226285322ABFB750008E7F6 /* GameOverPopUp.xib in Resources */ = {isa = PBXBuildFile; fileRef = F226285122ABFB750008E7F6 /* GameOverPopUp.xib */; };
		F226285622AD0BC60008E7F6 /* Beads.xcassets in Resources */ = {isa = PBXBuildFile; fileRef = F226285522AD0BC60008E7F6 /* Beads.xcassets */; };
		F226285922AD60180008E7F6 /* Cyrillicgoth.ttf in Resources */ = {isa = PBXBuildFile; fileRef = F226285722AD60180008E7F6 /* Cyrillicgoth.ttf */; };
		F226285A22AD60180008E7F6 /* GothicCyr.ttf in Resources */ = {isa = PBXBuildFile; fileRef = F226285822AD60180008E7F6 /* GothicCyr.ttf */; };
		F226285C22AD61920008E7F6 /* Vtks Classical Hit.ttf in Resources */ = {isa = PBXBuildFile; fileRef = F226285B22AD61910008E7F6 /* Vtks Classical Hit.ttf */; };
		F226286022AE41B50008E7F6 /* BeadNode.swift in Sources */ = {isa = PBXBuildFile; fileRef = F226285F22AE41B50008E7F6 /* BeadNode.swift */; };
		F226286222AEB7FB0008E7F6 /* BeadViewModel.swift in Sources */ = {isa = PBXBuildFile; fileRef = F226286122AEB7FB0008E7F6 /* BeadViewModel.swift */; };
		F226286A22AECD0E0008E7F6 /* BeadsServiceProvider.swift in Sources */ = {isa = PBXBuildFile; fileRef = F226286922AECD0E0008E7F6 /* BeadsServiceProvider.swift */; };
		F226286C22AED5D90008E7F6 /* Utils.swift in Sources */ = {isa = PBXBuildFile; fileRef = F226286B22AED5D90008E7F6 /* Utils.swift */; };
		F226286E22B0274F0008E7F6 /* Beads - Emodji Set Beards.json in Resources */ = {isa = PBXBuildFile; fileRef = F226286D22B0274F0008E7F6 /* Beads - Emodji Set Beards.json */; };
		F226287022B03C960008E7F6 /* Beads - Emodji Set Sweets.json in Resources */ = {isa = PBXBuildFile; fileRef = F226286F22B03C960008E7F6 /* Beads - Emodji Set Sweets.json */; };
		F226287222B157DD0008E7F6 /* SKNode+Actions.swift in Sources */ = {isa = PBXBuildFile; fileRef = F226287122B157DD0008E7F6 /* SKNode+Actions.swift */; };
		F226287622B2365F0008E7F6 /* GameStateHolder.swift in Sources */ = {isa = PBXBuildFile; fileRef = F226287522B2365F0008E7F6 /* GameStateHolder.swift */; };
		F226287822B3AD590008E7F6 /* CorrectPopUp.xib in Resources */ = {isa = PBXBuildFile; fileRef = F226287722B3AD590008E7F6 /* CorrectPopUp.xib */; };
		F226287A22B3AD6F0008E7F6 /* IncorrectPopUp.xib in Resources */ = {isa = PBXBuildFile; fileRef = F226287922B3AD6F0008E7F6 /* IncorrectPopUp.xib */; };
		F226287C22B3CAF90008E7F6 /* FrakturOmniv1.otf in Resources */ = {isa = PBXBuildFile; fileRef = F226287B22B3CAF90008E7F6 /* FrakturOmniv1.otf */; };
		F226288022B6B1D70008E7F6 /* Beads - Properties.json in Resources */ = {isa = PBXBuildFile; fileRef = F226287F22B6B1D70008E7F6 /* Beads - Properties.json */; };
		F226288222B7C27B0008E7F6 /* BeadProperty.swift in Sources */ = {isa = PBXBuildFile; fileRef = F226288122B7C27B0008E7F6 /* BeadProperty.swift */; };
		F226288522B91D260008E7F6 /* BeadsSetsListViewController.swift in Sources */ = {isa = PBXBuildFile; fileRef = F226288322B91D260008E7F6 /* BeadsSetsListViewController.swift */; };
		F226288622B91D260008E7F6 /* BeadsSetsListViewController.xib in Resources */ = {isa = PBXBuildFile; fileRef = F226288422B91D260008E7F6 /* BeadsSetsListViewController.xib */; };
		F226288B22B96E3A0008E7F6 /* BeadsSetTableViewCell.swift in Sources */ = {isa = PBXBuildFile; fileRef = F226288922B96E3A0008E7F6 /* BeadsSetTableViewCell.swift */; };
		F226288C22B96E3A0008E7F6 /* BeadsSetTableViewCell.xib in Resources */ = {isa = PBXBuildFile; fileRef = F226288A22B96E3A0008E7F6 /* BeadsSetTableViewCell.xib */; };
		F226288F22B9787A0008E7F6 /* BeadCollectionViewCell.swift in Sources */ = {isa = PBXBuildFile; fileRef = F226288D22B9787A0008E7F6 /* BeadCollectionViewCell.swift */; };
		F226289022B9787A0008E7F6 /* BeadCollectionViewCell.xib in Resources */ = {isa = PBXBuildFile; fileRef = F226288E22B9787A0008E7F6 /* BeadCollectionViewCell.xib */; };
		F26958C622A8437100655AB2 /* AboutShadesmarViewController.swift in Sources */ = {isa = PBXBuildFile; fileRef = F26958C422A8437100655AB2 /* AboutShadesmarViewController.swift */; };
		F26958C722A8437100655AB2 /* AboutShadesmarViewController.xib in Resources */ = {isa = PBXBuildFile; fileRef = F26958C522A8437100655AB2 /* AboutShadesmarViewController.xib */; };
		F272236B2255404800A6330D /* AppDelegate.swift in Sources */ = {isa = PBXBuildFile; fileRef = F272236A2255404800A6330D /* AppDelegate.swift */; };
		F272236D2255404800A6330D /* MainViewController.swift in Sources */ = {isa = PBXBuildFile; fileRef = F272236C2255404800A6330D /* MainViewController.swift */; };
		F27223702255404800A6330D /* Main.storyboard in Resources */ = {isa = PBXBuildFile; fileRef = F272236E2255404800A6330D /* Main.storyboard */; };
		F27223722255404A00A6330D /* Assets.xcassets in Resources */ = {isa = PBXBuildFile; fileRef = F27223712255404A00A6330D /* Assets.xcassets */; };
		F27223752255404A00A6330D /* LaunchScreen.storyboard in Resources */ = {isa = PBXBuildFile; fileRef = F27223732255404A00A6330D /* LaunchScreen.storyboard */; };
		F272237D2255F7B000A6330D /* Bead.swift in Sources */ = {isa = PBXBuildFile; fileRef = F272237C2255F7B000A6330D /* Bead.swift */; };
		F2D1D193227B67C6004ECC96 /* BeadsSet.swift in Sources */ = {isa = PBXBuildFile; fileRef = F2D1D192227B67C6004ECC96 /* BeadsSet.swift */; };
		F2D1D19C227B7F04004ECC96 /* SKNode+Utility.swift in Sources */ = {isa = PBXBuildFile; fileRef = F2D1D199227B7F04004ECC96 /* SKNode+Utility.swift */; };
		F2D1D19D227B7F04004ECC96 /* AliveNotAlive2DScene.swift in Sources */ = {isa = PBXBuildFile; fileRef = F2D1D19A227B7F04004ECC96 /* AliveNotAlive2DScene.swift */; };
		F2DD37BA22BF795500FB16F3 /* Colors.swift in Sources */ = {isa = PBXBuildFile; fileRef = F2DD37B922BF795500FB16F3 /* Colors.swift */; };
		F2DD37BC22C0EEFA00FB16F3 /* Beads - Emodji Set Fruits.json in Resources */ = {isa = PBXBuildFile; fileRef = F2DD37BB22C0EEFA00FB16F3 /* Beads - Emodji Set Fruits.json */; };
		F2DD37BE22C3662300FB16F3 /* BeadsContentFactory.swift in Sources */ = {isa = PBXBuildFile; fileRef = F2DD37BD22C3662300FB16F3 /* BeadsContentFactory.swift */; };
		F2DD37C022C3938C00FB16F3 /* Game.swift in Sources */ = {isa = PBXBuildFile; fileRef = F2DD37BF22C3938C00FB16F3 /* Game.swift */; };
/* End PBXBuildFile section */

/* Begin PBXFileReference section */
		F226284C22AB910B0008E7F6 /* AliveNotAliveQuestionPopUp.swift */ = {isa = PBXFileReference; lastKnownFileType = sourcecode.swift; path = AliveNotAliveQuestionPopUp.swift; sourceTree = "<group>"; };
		F226284D22AB910B0008E7F6 /* AliveNotAliveQuestionPopUp.xib */ = {isa = PBXFileReference; lastKnownFileType = file.xib; path = AliveNotAliveQuestionPopUp.xib; sourceTree = "<group>"; };
		F226285022ABFB750008E7F6 /* InfoPopUp.swift */ = {isa = PBXFileReference; lastKnownFileType = sourcecode.swift; path = InfoPopUp.swift; sourceTree = "<group>"; };
		F226285122ABFB750008E7F6 /* GameOverPopUp.xib */ = {isa = PBXFileReference; lastKnownFileType = file.xib; path = GameOverPopUp.xib; sourceTree = "<group>"; };
		F226285522AD0BC60008E7F6 /* Beads.xcassets */ = {isa = PBXFileReference; lastKnownFileType = folder.assetcatalog; path = Beads.xcassets; sourceTree = "<group>"; };
		F226285722AD60180008E7F6 /* Cyrillicgoth.ttf */ = {isa = PBXFileReference; lastKnownFileType = file; path = Cyrillicgoth.ttf; sourceTree = "<group>"; };
		F226285822AD60180008E7F6 /* GothicCyr.ttf */ = {isa = PBXFileReference; lastKnownFileType = file; path = GothicCyr.ttf; sourceTree = "<group>"; };
		F226285B22AD61910008E7F6 /* Vtks Classical Hit.ttf */ = {isa = PBXFileReference; lastKnownFileType = file; path = "Vtks Classical Hit.ttf"; sourceTree = "<group>"; };
		F226285F22AE41B50008E7F6 /* BeadNode.swift */ = {isa = PBXFileReference; lastKnownFileType = sourcecode.swift; path = BeadNode.swift; sourceTree = "<group>"; };
		F226286122AEB7FB0008E7F6 /* BeadViewModel.swift */ = {isa = PBXFileReference; lastKnownFileType = sourcecode.swift; path = BeadViewModel.swift; sourceTree = "<group>"; };
		F226286922AECD0E0008E7F6 /* BeadsServiceProvider.swift */ = {isa = PBXFileReference; lastKnownFileType = sourcecode.swift; path = BeadsServiceProvider.swift; sourceTree = "<group>"; };
		F226286B22AED5D90008E7F6 /* Utils.swift */ = {isa = PBXFileReference; lastKnownFileType = sourcecode.swift; path = Utils.swift; sourceTree = "<group>"; };
		F226286D22B0274F0008E7F6 /* Beads - Emodji Set Beards.json */ = {isa = PBXFileReference; fileEncoding = 4; lastKnownFileType = text.json; path = "Beads - Emodji Set Beards.json"; sourceTree = "<group>"; };
		F226286F22B03C960008E7F6 /* Beads - Emodji Set Sweets.json */ = {isa = PBXFileReference; fileEncoding = 4; lastKnownFileType = text.json; path = "Beads - Emodji Set Sweets.json"; sourceTree = "<group>"; };
		F226287122B157DD0008E7F6 /* SKNode+Actions.swift */ = {isa = PBXFileReference; lastKnownFileType = sourcecode.swift; path = "SKNode+Actions.swift"; sourceTree = "<group>"; };
		F226287522B2365F0008E7F6 /* GameStateHolder.swift */ = {isa = PBXFileReference; lastKnownFileType = sourcecode.swift; path = GameStateHolder.swift; sourceTree = "<group>"; };
		F226287722B3AD590008E7F6 /* CorrectPopUp.xib */ = {isa = PBXFileReference; lastKnownFileType = file.xib; path = CorrectPopUp.xib; sourceTree = "<group>"; };
		F226287922B3AD6F0008E7F6 /* IncorrectPopUp.xib */ = {isa = PBXFileReference; lastKnownFileType = file.xib; path = IncorrectPopUp.xib; sourceTree = "<group>"; };
		F226287B22B3CAF90008E7F6 /* FrakturOmniv1.otf */ = {isa = PBXFileReference; lastKnownFileType = file; path = FrakturOmniv1.otf; sourceTree = "<group>"; };
		F226287F22B6B1D70008E7F6 /* Beads - Properties.json */ = {isa = PBXFileReference; fileEncoding = 4; lastKnownFileType = text.json; path = "Beads - Properties.json"; sourceTree = "<group>"; };
		F226288122B7C27B0008E7F6 /* BeadProperty.swift */ = {isa = PBXFileReference; lastKnownFileType = sourcecode.swift; path = BeadProperty.swift; sourceTree = "<group>"; };
		F226288322B91D260008E7F6 /* BeadsSetsListViewController.swift */ = {isa = PBXFileReference; lastKnownFileType = sourcecode.swift; path = BeadsSetsListViewController.swift; sourceTree = "<group>"; };
		F226288422B91D260008E7F6 /* BeadsSetsListViewController.xib */ = {isa = PBXFileReference; lastKnownFileType = file.xib; path = BeadsSetsListViewController.xib; sourceTree = "<group>"; };
		F226288922B96E3A0008E7F6 /* BeadsSetTableViewCell.swift */ = {isa = PBXFileReference; lastKnownFileType = sourcecode.swift; path = BeadsSetTableViewCell.swift; sourceTree = "<group>"; };
		F226288A22B96E3A0008E7F6 /* BeadsSetTableViewCell.xib */ = {isa = PBXFileReference; lastKnownFileType = file.xib; path = BeadsSetTableViewCell.xib; sourceTree = "<group>"; };
		F226288D22B9787A0008E7F6 /* BeadCollectionViewCell.swift */ = {isa = PBXFileReference; lastKnownFileType = sourcecode.swift; path = BeadCollectionViewCell.swift; sourceTree = "<group>"; };
		F226288E22B9787A0008E7F6 /* BeadCollectionViewCell.xib */ = {isa = PBXFileReference; lastKnownFileType = file.xib; path = BeadCollectionViewCell.xib; sourceTree = "<group>"; };
		F26958C422A8437100655AB2 /* AboutShadesmarViewController.swift */ = {isa = PBXFileReference; lastKnownFileType = sourcecode.swift; path = AboutShadesmarViewController.swift; sourceTree = "<group>"; };
		F26958C522A8437100655AB2 /* AboutShadesmarViewController.xib */ = {isa = PBXFileReference; lastKnownFileType = file.xib; path = AboutShadesmarViewController.xib; sourceTree = "<group>"; };
		F27223672255404800A6330D /* Shadesmar.app */ = {isa = PBXFileReference; explicitFileType = wrapper.application; includeInIndex = 0; path = Shadesmar.app; sourceTree = BUILT_PRODUCTS_DIR; };
		F272236A2255404800A6330D /* AppDelegate.swift */ = {isa = PBXFileReference; lastKnownFileType = sourcecode.swift; path = AppDelegate.swift; sourceTree = "<group>"; };
		F272236C2255404800A6330D /* MainViewController.swift */ = {isa = PBXFileReference; lastKnownFileType = sourcecode.swift; path = MainViewController.swift; sourceTree = "<group>"; };
		F272236F2255404800A6330D /* Base */ = {isa = PBXFileReference; lastKnownFileType = file.storyboard; name = Base; path = Base.lproj/Main.storyboard; sourceTree = "<group>"; };
		F27223712255404A00A6330D /* Assets.xcassets */ = {isa = PBXFileReference; lastKnownFileType = folder.assetcatalog; path = Assets.xcassets; sourceTree = "<group>"; };
		F27223742255404A00A6330D /* Base */ = {isa = PBXFileReference; lastKnownFileType = file.storyboard; name = Base; path = Base.lproj/LaunchScreen.storyboard; sourceTree = "<group>"; };
		F27223762255404A00A6330D /* Info.plist */ = {isa = PBXFileReference; lastKnownFileType = text.plist.xml; path = Info.plist; sourceTree = "<group>"; };
		F272237C2255F7B000A6330D /* Bead.swift */ = {isa = PBXFileReference; lastKnownFileType = sourcecode.swift; path = Bead.swift; sourceTree = "<group>"; };
		F2D1D192227B67C6004ECC96 /* BeadsSet.swift */ = {isa = PBXFileReference; lastKnownFileType = sourcecode.swift; path = BeadsSet.swift; sourceTree = "<group>"; };
		F2D1D199227B7F04004ECC96 /* SKNode+Utility.swift */ = {isa = PBXFileReference; fileEncoding = 4; lastKnownFileType = sourcecode.swift; path = "SKNode+Utility.swift"; sourceTree = "<group>"; };
		F2D1D19A227B7F04004ECC96 /* AliveNotAlive2DScene.swift */ = {isa = PBXFileReference; fileEncoding = 4; lastKnownFileType = sourcecode.swift; path = AliveNotAlive2DScene.swift; sourceTree = "<group>"; };
		F2DD37B922BF795500FB16F3 /* Colors.swift */ = {isa = PBXFileReference; lastKnownFileType = sourcecode.swift; path = Colors.swift; sourceTree = "<group>"; };
		F2DD37BB22C0EEFA00FB16F3 /* Beads - Emodji Set Fruits.json */ = {isa = PBXFileReference; fileEncoding = 4; lastKnownFileType = text.json; path = "Beads - Emodji Set Fruits.json"; sourceTree = "<group>"; };
		F2DD37BD22C3662300FB16F3 /* BeadsContentFactory.swift */ = {isa = PBXFileReference; lastKnownFileType = sourcecode.swift; path = BeadsContentFactory.swift; sourceTree = "<group>"; };
		F2DD37BF22C3938C00FB16F3 /* Game.swift */ = {isa = PBXFileReference; lastKnownFileType = sourcecode.swift; path = Game.swift; sourceTree = "<group>"; };
/* End PBXFileReference section */

/* Begin PBXFrameworksBuildPhase section */
		F27223642255404800A6330D /* Frameworks */ = {
			isa = PBXFrameworksBuildPhase;
			buildActionMask = 2147483647;
			files = (
			);
			runOnlyForDeploymentPostprocessing = 0;
		};
/* End PBXFrameworksBuildPhase section */

/* Begin PBXGroup section */
		F226285422AC2A530008E7F6 /* InfoPopUps */ = {
			isa = PBXGroup;
			children = (
				F226285022ABFB750008E7F6 /* InfoPopUp.swift */,
				F226287922B3AD6F0008E7F6 /* IncorrectPopUp.xib */,
				F226287722B3AD590008E7F6 /* CorrectPopUp.xib */,
				F226285122ABFB750008E7F6 /* GameOverPopUp.xib */,
			);
			path = InfoPopUps;
			sourceTree = "<group>";
		};
		F226285D22AE1F920008E7F6 /* Fonts */ = {
			isa = PBXGroup;
			children = (
				F226287B22B3CAF90008E7F6 /* FrakturOmniv1.otf */,
				F226285B22AD61910008E7F6 /* Vtks Classical Hit.ttf */,
				F226285722AD60180008E7F6 /* Cyrillicgoth.ttf */,
				F226285822AD60180008E7F6 /* GothicCyr.ttf */,
			);
			path = Fonts;
			sourceTree = "<group>";
		};
		F226285E22AE349D0008E7F6 /* AliveNotAlive */ = {
			isa = PBXGroup;
			children = (
				F226284C22AB910B0008E7F6 /* AliveNotAliveQuestionPopUp.swift */,
				F226284D22AB910B0008E7F6 /* AliveNotAliveQuestionPopUp.xib */,
			);
			path = AliveNotAlive;
			sourceTree = "<group>";
		};
		F226288722B91D400008E7F6 /* BeadsSets */ = {
			isa = PBXGroup;
			children = (
				F226288322B91D260008E7F6 /* BeadsSetsListViewController.swift */,
				F226288422B91D260008E7F6 /* BeadsSetsListViewController.xib */,
				F226288922B96E3A0008E7F6 /* BeadsSetTableViewCell.swift */,
				F226288A22B96E3A0008E7F6 /* BeadsSetTableViewCell.xib */,
				F226288D22B9787A0008E7F6 /* BeadCollectionViewCell.swift */,
				F226288E22B9787A0008E7F6 /* BeadCollectionViewCell.xib */,
			);
			path = BeadsSets;
			sourceTree = "<group>";
		};
		F226288822B91D660008E7F6 /* PopUps */ = {
			isa = PBXGroup;
			children = (
				F226285E22AE349D0008E7F6 /* AliveNotAlive */,
				F226285422AC2A530008E7F6 /* InfoPopUps */,
				F26958C822A8437700655AB2 /* AboutShadesmar */,
			);
			path = PopUps;
			sourceTree = "<group>";
		};
		F226289122BA752F0008E7F6 /* Images */ = {
			isa = PBXGroup;
			children = (
				F27223712255404A00A6330D /* Assets.xcassets */,
				F226285522AD0BC60008E7F6 /* Beads.xcassets */,
			);
			path = Images;
			sourceTree = "<group>";
		};
		F226289222BA75490008E7F6 /* Stubs */ = {
			isa = PBXGroup;
			children = (
				F226287F22B6B1D70008E7F6 /* Beads - Properties.json */,
				F2DD37BB22C0EEFA00FB16F3 /* Beads - Emodji Set Fruits.json */,
				F226286D22B0274F0008E7F6 /* Beads - Emodji Set Beards.json */,
				F226286F22B03C960008E7F6 /* Beads - Emodji Set Sweets.json */,
			);
			path = Stubs;
			sourceTree = "<group>";
		};
		F26958C822A8437700655AB2 /* AboutShadesmar */ = {
			isa = PBXGroup;
			children = (
				F26958C422A8437100655AB2 /* AboutShadesmarViewController.swift */,
				F26958C522A8437100655AB2 /* AboutShadesmarViewController.xib */,
			);
			path = AboutShadesmar;
			sourceTree = "<group>";
		};
		F272235E2255404800A6330D = {
			isa = PBXGroup;
			children = (
				F27223692255404800A6330D /* Shadesmar */,
				F27223682255404800A6330D /* Products */,
			);
			sourceTree = "<group>";
		};
		F27223682255404800A6330D /* Products */ = {
			isa = PBXGroup;
			children = (
				F27223672255404800A6330D /* Shadesmar.app */,
			);
			name = Products;
			sourceTree = "<group>";
		};
		F27223692255404800A6330D /* Shadesmar */ = {
			isa = PBXGroup;
			children = (
				F226287522B2365F0008E7F6 /* GameStateHolder.swift */,
				F226286922AECD0E0008E7F6 /* BeadsServiceProvider.swift */,
				F2DD37BD22C3662300FB16F3 /* BeadsContentFactory.swift */,
				F226286B22AED5D90008E7F6 /* Utils.swift */,
				F2D1D194227B7CCB004ECC96 /* Models */,
				F2D1D198227B7DC6004ECC96 /* UI Infrastructure */,
				F2D1D197227B7D7C004ECC96 /* Stories */,
				F2D1D196227B7D1C004ECC96 /* Infrastructure */,
				F2D1D195227B7CDB004ECC96 /* Resources */,
			);
			path = Shadesmar;
			sourceTree = "<group>";
		};
		F2D1D194227B7CCB004ECC96 /* Models */ = {
			isa = PBXGroup;
			children = (
				F2DD37BF22C3938C00FB16F3 /* Game.swift */,
				F272237C2255F7B000A6330D /* Bead.swift */,
				F226288122B7C27B0008E7F6 /* BeadProperty.swift */,
				F2D1D192227B67C6004ECC96 /* BeadsSet.swift */,
				F226286122AEB7FB0008E7F6 /* BeadViewModel.swift */,
			);
			path = Models;
			sourceTree = "<group>";
		};
		F2D1D195227B7CDB004ECC96 /* Resources */ = {
			isa = PBXGroup;
			children = (
				F226289122BA752F0008E7F6 /* Images */,
				F226289222BA75490008E7F6 /* Stubs */,
				F226285D22AE1F920008E7F6 /* Fonts */,
				F27223732255404A00A6330D /* LaunchScreen.storyboard */,
			);
			path = Resources;
			sourceTree = "<group>";
		};
		F2D1D196227B7D1C004ECC96 /* Infrastructure */ = {
			isa = PBXGroup;
			children = (
				F272236A2255404800A6330D /* AppDelegate.swift */,
				F27223762255404A00A6330D /* Info.plist */,
			);
			path = Infrastructure;
			sourceTree = "<group>";
		};
		F2D1D197227B7D7C004ECC96 /* Stories */ = {
			isa = PBXGroup;
			children = (
				F272236C2255404800A6330D /* MainViewController.swift */,
				F272236E2255404800A6330D /* Main.storyboard */,
				F226288722B91D400008E7F6 /* BeadsSets */,
				F226288822B91D660008E7F6 /* PopUps */,
			);
			path = Stories;
			sourceTree = "<group>";
		};
		F2D1D198227B7DC6004ECC96 /* UI Infrastructure */ = {
			isa = PBXGroup;
			children = (
				F226285F22AE41B50008E7F6 /* BeadNode.swift */,
				F2D1D19A227B7F04004ECC96 /* AliveNotAlive2DScene.swift */,
				F226287122B157DD0008E7F6 /* SKNode+Actions.swift */,
				F2D1D199227B7F04004ECC96 /* SKNode+Utility.swift */,
				F2DD37B922BF795500FB16F3 /* Colors.swift */,
			);
			path = "UI Infrastructure";
			sourceTree = "<group>";
		};
/* End PBXGroup section */

/* Begin PBXNativeTarget section */
		F27223662255404800A6330D /* Shadesmar */ = {
			isa = PBXNativeTarget;
			buildConfigurationList = F27223792255404A00A6330D /* Build configuration list for PBXNativeTarget "Shadesmar" */;
			buildPhases = (
				F27223632255404800A6330D /* Sources */,
				F27223642255404800A6330D /* Frameworks */,
				F27223652255404800A6330D /* Resources */,
			);
			buildRules = (
			);
			dependencies = (
			);
			name = Shadesmar;
			productName = Shadesmar;
			productReference = F27223672255404800A6330D /* Shadesmar.app */;
			productType = "com.apple.product-type.application";
		};
/* End PBXNativeTarget section */

/* Begin PBXProject section */
		F272235F2255404800A6330D /* Project object */ = {
			isa = PBXProject;
			attributes = {
				LastSwiftUpdateCheck = 1010;
				LastUpgradeCheck = 1010;
				ORGANIZATIONNAME = VR/RN;
				TargetAttributes = {
					F27223662255404800A6330D = {
						CreatedOnToolsVersion = 10.1;
						LastSwiftMigration = 1020;
					};
				};
			};
			buildConfigurationList = F27223622255404800A6330D /* Build configuration list for PBXProject "Shadesmar" */;
			compatibilityVersion = "Xcode 9.3";
			developmentRegion = en;
			hasScannedForEncodings = 0;
			knownRegions = (
				en,
				Base,
			);
			mainGroup = F272235E2255404800A6330D;
			productRefGroup = F27223682255404800A6330D /* Products */;
			projectDirPath = "";
			projectRoot = "";
			targets = (
				F27223662255404800A6330D /* Shadesmar */,
			);
		};
/* End PBXProject section */

/* Begin PBXResourcesBuildPhase section */
		F27223652255404800A6330D /* Resources */ = {
			isa = PBXResourcesBuildPhase;
			buildActionMask = 2147483647;
			files = (
				F226287A22B3AD6F0008E7F6 /* IncorrectPopUp.xib in Resources */,
				F2DD37BC22C0EEFA00FB16F3 /* Beads - Emodji Set Fruits.json in Resources */,
				F226285C22AD61920008E7F6 /* Vtks Classical Hit.ttf in Resources */,
				F226287822B3AD590008E7F6 /* CorrectPopUp.xib in Resources */,
				F226285622AD0BC60008E7F6 /* Beads.xcassets in Resources */,
				F226285922AD60180008E7F6 /* Cyrillicgoth.ttf in Resources */,
				F27223752255404A00A6330D /* LaunchScreen.storyboard in Resources */,
				F226288022B6B1D70008E7F6 /* Beads - Properties.json in Resources */,
				F226287C22B3CAF90008E7F6 /* FrakturOmniv1.otf in Resources */,
				F27223722255404A00A6330D /* Assets.xcassets in Resources */,
				F226288622B91D260008E7F6 /* BeadsSetsListViewController.xib in Resources */,
				F226287022B03C960008E7F6 /* Beads - Emodji Set Sweets.json in Resources */,
				F226289022B9787A0008E7F6 /* BeadCollectionViewCell.xib in Resources */,
				F226284F22AB910B0008E7F6 /* AliveNotAliveQuestionPopUp.xib in Resources */,
				F226286E22B0274F0008E7F6 /* Beads - Emodji Set Beards.json in Resources */,
				F226285322ABFB750008E7F6 /* GameOverPopUp.xib in Resources */,
				F226288C22B96E3A0008E7F6 /* BeadsSetTableViewCell.xib in Resources */,
				F26958C722A8437100655AB2 /* AboutShadesmarViewController.xib in Resources */,
				F27223702255404800A6330D /* Main.storyboard in Resources */,
				F226285A22AD60180008E7F6 /* GothicCyr.ttf in Resources */,
			);
			runOnlyForDeploymentPostprocessing = 0;
		};
/* End PBXResourcesBuildPhase section */

/* Begin PBXSourcesBuildPhase section */
		F27223632255404800A6330D /* Sources */ = {
			isa = PBXSourcesBuildPhase;
			buildActionMask = 2147483647;
			files = (
				F272236D2255404800A6330D /* MainViewController.swift in Sources */,
				F2DD37BA22BF795500FB16F3 /* Colors.swift in Sources */,
				F2D1D19D227B7F04004ECC96 /* AliveNotAlive2DScene.swift in Sources */,
				F226285222ABFB750008E7F6 /* InfoPopUp.swift in Sources */,
				F2D1D193227B67C6004ECC96 /* BeadsSet.swift in Sources */,
				F226288B22B96E3A0008E7F6 /* BeadsSetTableViewCell.swift in Sources */,
				F26958C622A8437100655AB2 /* AboutShadesmarViewController.swift in Sources */,
				F226288522B91D260008E7F6 /* BeadsSetsListViewController.swift in Sources */,
				F226286C22AED5D90008E7F6 /* Utils.swift in Sources */,
				F226284E22AB910B0008E7F6 /* AliveNotAliveQuestionPopUp.swift in Sources */,
				F226287222B157DD0008E7F6 /* SKNode+Actions.swift in Sources */,
				F226286A22AECD0E0008E7F6 /* BeadsServiceProvider.swift in Sources */,
				F226287622B2365F0008E7F6 /* GameStateHolder.swift in Sources */,
				F226286022AE41B50008E7F6 /* BeadNode.swift in Sources */,
				F2DD37BE22C3662300FB16F3 /* BeadsContentFactory.swift in Sources */,
				F226288F22B9787A0008E7F6 /* BeadCollectionViewCell.swift in Sources */,
				F272236B2255404800A6330D /* AppDelegate.swift in Sources */,
				F2DD37C022C3938C00FB16F3 /* Game.swift in Sources */,
				F272237D2255F7B000A6330D /* Bead.swift in Sources */,
				F226288222B7C27B0008E7F6 /* BeadProperty.swift in Sources */,
				F226286222AEB7FB0008E7F6 /* BeadViewModel.swift in Sources */,
				F2D1D19C227B7F04004ECC96 /* SKNode+Utility.swift in Sources */,
			);
			runOnlyForDeploymentPostprocessing = 0;
		};
/* End PBXSourcesBuildPhase section */

/* Begin PBXVariantGroup section */
		F272236E2255404800A6330D /* Main.storyboard */ = {
			isa = PBXVariantGroup;
			children = (
				F272236F2255404800A6330D /* Base */,
			);
			name = Main.storyboard;
			sourceTree = "<group>";
		};
		F27223732255404A00A6330D /* LaunchScreen.storyboard */ = {
			isa = PBXVariantGroup;
			children = (
				F27223742255404A00A6330D /* Base */,
			);
			name = LaunchScreen.storyboard;
			sourceTree = "<group>";
		};
/* End PBXVariantGroup section */

/* Begin XCBuildConfiguration section */
		F27223772255404A00A6330D /* Debug */ = {
			isa = XCBuildConfiguration;
			buildSettings = {
				ALWAYS_SEARCH_USER_PATHS = NO;
				CLANG_ANALYZER_NONNULL = YES;
				CLANG_ANALYZER_NUMBER_OBJECT_CONVERSION = YES_AGGRESSIVE;
				CLANG_CXX_LANGUAGE_STANDARD = "gnu++14";
				CLANG_CXX_LIBRARY = "libc++";
				CLANG_ENABLE_MODULES = YES;
				CLANG_ENABLE_OBJC_ARC = YES;
				CLANG_ENABLE_OBJC_WEAK = YES;
				CLANG_WARN_BLOCK_CAPTURE_AUTORELEASING = YES;
				CLANG_WARN_BOOL_CONVERSION = YES;
				CLANG_WARN_COMMA = YES;
				CLANG_WARN_CONSTANT_CONVERSION = YES;
				CLANG_WARN_DEPRECATED_OBJC_IMPLEMENTATIONS = YES;
				CLANG_WARN_DIRECT_OBJC_ISA_USAGE = YES_ERROR;
				CLANG_WARN_DOCUMENTATION_COMMENTS = YES;
				CLANG_WARN_EMPTY_BODY = YES;
				CLANG_WARN_ENUM_CONVERSION = YES;
				CLANG_WARN_INFINITE_RECURSION = YES;
				CLANG_WARN_INT_CONVERSION = YES;
				CLANG_WARN_NON_LITERAL_NULL_CONVERSION = YES;
				CLANG_WARN_OBJC_IMPLICIT_RETAIN_SELF = YES;
				CLANG_WARN_OBJC_LITERAL_CONVERSION = YES;
				CLANG_WARN_OBJC_ROOT_CLASS = YES_ERROR;
				CLANG_WARN_RANGE_LOOP_ANALYSIS = YES;
				CLANG_WARN_STRICT_PROTOTYPES = YES;
				CLANG_WARN_SUSPICIOUS_MOVE = YES;
				CLANG_WARN_UNGUARDED_AVAILABILITY = YES_AGGRESSIVE;
				CLANG_WARN_UNREACHABLE_CODE = YES;
				CLANG_WARN__DUPLICATE_METHOD_MATCH = YES;
				CODE_SIGN_IDENTITY = "iPhone Developer";
				COPY_PHASE_STRIP = NO;
				DEBUG_INFORMATION_FORMAT = dwarf;
				ENABLE_STRICT_OBJC_MSGSEND = YES;
				ENABLE_TESTABILITY = YES;
				GCC_C_LANGUAGE_STANDARD = gnu11;
				GCC_DYNAMIC_NO_PIC = NO;
				GCC_NO_COMMON_BLOCKS = YES;
				GCC_OPTIMIZATION_LEVEL = 0;
				GCC_PREPROCESSOR_DEFINITIONS = (
					"DEBUG=1",
					"$(inherited)",
				);
				GCC_WARN_64_TO_32_BIT_CONVERSION = YES;
				GCC_WARN_ABOUT_RETURN_TYPE = YES_ERROR;
				GCC_WARN_UNDECLARED_SELECTOR = YES;
				GCC_WARN_UNINITIALIZED_AUTOS = YES_AGGRESSIVE;
				GCC_WARN_UNUSED_FUNCTION = YES;
				GCC_WARN_UNUSED_VARIABLE = YES;
				IPHONEOS_DEPLOYMENT_TARGET = 12.1;
				MTL_ENABLE_DEBUG_INFO = INCLUDE_SOURCE;
				MTL_FAST_MATH = YES;
				ONLY_ACTIVE_ARCH = YES;
				SDKROOT = iphoneos;
				SWIFT_ACTIVE_COMPILATION_CONDITIONS = DEBUG;
				SWIFT_OPTIMIZATION_LEVEL = "-Onone";
			};
			name = Debug;
		};
		F27223782255404A00A6330D /* Release */ = {
			isa = XCBuildConfiguration;
			buildSettings = {
				ALWAYS_SEARCH_USER_PATHS = NO;
				CLANG_ANALYZER_NONNULL = YES;
				CLANG_ANALYZER_NUMBER_OBJECT_CONVERSION = YES_AGGRESSIVE;
				CLANG_CXX_LANGUAGE_STANDARD = "gnu++14";
				CLANG_CXX_LIBRARY = "libc++";
				CLANG_ENABLE_MODULES = YES;
				CLANG_ENABLE_OBJC_ARC = YES;
				CLANG_ENABLE_OBJC_WEAK = YES;
				CLANG_WARN_BLOCK_CAPTURE_AUTORELEASING = YES;
				CLANG_WARN_BOOL_CONVERSION = YES;
				CLANG_WARN_COMMA = YES;
				CLANG_WARN_CONSTANT_CONVERSION = YES;
				CLANG_WARN_DEPRECATED_OBJC_IMPLEMENTATIONS = YES;
				CLANG_WARN_DIRECT_OBJC_ISA_USAGE = YES_ERROR;
				CLANG_WARN_DOCUMENTATION_COMMENTS = YES;
				CLANG_WARN_EMPTY_BODY = YES;
				CLANG_WARN_ENUM_CONVERSION = YES;
				CLANG_WARN_INFINITE_RECURSION = YES;
				CLANG_WARN_INT_CONVERSION = YES;
				CLANG_WARN_NON_LITERAL_NULL_CONVERSION = YES;
				CLANG_WARN_OBJC_IMPLICIT_RETAIN_SELF = YES;
				CLANG_WARN_OBJC_LITERAL_CONVERSION = YES;
				CLANG_WARN_OBJC_ROOT_CLASS = YES_ERROR;
				CLANG_WARN_RANGE_LOOP_ANALYSIS = YES;
				CLANG_WARN_STRICT_PROTOTYPES = YES;
				CLANG_WARN_SUSPICIOUS_MOVE = YES;
				CLANG_WARN_UNGUARDED_AVAILABILITY = YES_AGGRESSIVE;
				CLANG_WARN_UNREACHABLE_CODE = YES;
				CLANG_WARN__DUPLICATE_METHOD_MATCH = YES;
				CODE_SIGN_IDENTITY = "iPhone Developer";
				COPY_PHASE_STRIP = NO;
				DEBUG_INFORMATION_FORMAT = "dwarf-with-dsym";
				ENABLE_NS_ASSERTIONS = NO;
				ENABLE_STRICT_OBJC_MSGSEND = YES;
				GCC_C_LANGUAGE_STANDARD = gnu11;
				GCC_NO_COMMON_BLOCKS = YES;
				GCC_WARN_64_TO_32_BIT_CONVERSION = YES;
				GCC_WARN_ABOUT_RETURN_TYPE = YES_ERROR;
				GCC_WARN_UNDECLARED_SELECTOR = YES;
				GCC_WARN_UNINITIALIZED_AUTOS = YES_AGGRESSIVE;
				GCC_WARN_UNUSED_FUNCTION = YES;
				GCC_WARN_UNUSED_VARIABLE = YES;
				IPHONEOS_DEPLOYMENT_TARGET = 12.1;
				MTL_ENABLE_DEBUG_INFO = NO;
				MTL_FAST_MATH = YES;
				SDKROOT = iphoneos;
				SWIFT_COMPILATION_MODE = wholemodule;
				SWIFT_OPTIMIZATION_LEVEL = "-O";
				VALIDATE_PRODUCT = YES;
			};
			name = Release;
		};
		F272237A2255404A00A6330D /* Debug */ = {
			isa = XCBuildConfiguration;
			buildSettings = {
				ASSETCATALOG_COMPILER_APPICON_NAME = AppIcon;
				CODE_SIGN_STYLE = Manual;
				DEVELOPMENT_TEAM = JZHS7Z7G7D;
				INFOPLIST_FILE = "$(SRCROOT)/Shadesmar/Infrastructure/Info.plist";
				IPHONEOS_DEPLOYMENT_TARGET = 11.0;
				LD_RUNPATH_SEARCH_PATHS = (
					"$(inherited)",
					"@executable_path/Frameworks",
				);
				PRODUCT_BUNDLE_IDENTIFIER = com.vrrn.shadesmar;
				PRODUCT_NAME = "$(TARGET_NAME)";
				PROVISIONING_PROFILE_SPECIFIER = Shadesmar_Dev_Profile;
				SWIFT_VERSION = 5.0;
				TARGETED_DEVICE_FAMILY = "1,2";
			};
			name = Debug;
		};
		F272237B2255404A00A6330D /* Release */ = {
			isa = XCBuildConfiguration;
			buildSettings = {
				ASSETCATALOG_COMPILER_APPICON_NAME = AppIcon;
				CODE_SIGN_STYLE = Manual;
				DEVELOPMENT_TEAM = "";
				INFOPLIST_FILE = "$(SRCROOT)/Shadesmar/Infrastructure/Info.plist";
				IPHONEOS_DEPLOYMENT_TARGET = 11.0;
				LD_RUNPATH_SEARCH_PATHS = (
					"$(inherited)",
					"@executable_path/Frameworks",
				);
				PRODUCT_BUNDLE_IDENTIFIER = com.vrrn.shadesmar;
				PRODUCT_NAME = "$(TARGET_NAME)";
				PROVISIONING_PROFILE_SPECIFIER = "";
				SWIFT_VERSION = 5.0;
				TARGETED_DEVICE_FAMILY = "1,2";
			};
			name = Release;
		};
/* End XCBuildConfiguration section */

/* Begin XCConfigurationList section */
		F27223622255404800A6330D /* Build configuration list for PBXProject "Shadesmar" */ = {
			isa = XCConfigurationList;
			buildConfigurations = (
				F27223772255404A00A6330D /* Debug */,
				F27223782255404A00A6330D /* Release */,
			);
			defaultConfigurationIsVisible = 0;
			defaultConfigurationName = Release;
		};
		F27223792255404A00A6330D /* Build configuration list for PBXNativeTarget "Shadesmar" */ = {
			isa = XCConfigurationList;
			buildConfigurations = (
				F272237A2255404A00A6330D /* Debug */,
				F272237B2255404A00A6330D /* Release */,
			);
			defaultConfigurationIsVisible = 0;
			defaultConfigurationName = Release;
		};
/* End XCConfigurationList section */
	};
	rootObject = F272235F2255404800A6330D /* Project object */;
}
